
Microsoft Visual Studio Solution File, Format Version 12.00
# Visual Studio 2015
Project("{FAE04EC0-301F-11D3-BF4B-00C04F79EFBC}") = "ivory-tiger.Plugins", "ivory-tiger.Plugins.csproj", "{3974D8FC-DA1E-C906-71BB-A40A94DACD05}"
EndProject
Project("{FAE04EC0-301F-11D3-BF4B-00C04F79EFBC}") = "ivory-tiger", "ivory-tiger.csproj", "{010B47E3-E462-00C3-2A32-D60B84ADAE2C}"
EndProject
Project("{FAE04EC0-301F-11D3-BF4B-00C04F79EFBC}") = "ivory-tiger.Editor", "ivory-tiger.Editor.csproj", "{530B74F9-6B31-5B56-D49C-D290A1278A89}"
EndProject
Global
	GlobalSection(SolutionConfigurationPlatforms) = preSolution
		Debug|Any CPU = Debug|Any CPU
		Release|Any CPU = Release|Any CPU
	EndGlobalSection
	GlobalSection(ProjectConfigurationPlatforms) = postSolution
		{3974D8FC-DA1E-C906-71BB-A40A94DACD05}.Debug|Any CPU.ActiveCfg = Debug|Any CPU
		{3974D8FC-DA1E-C906-71BB-A40A94DACD05}.Debug|Any CPU.Build.0 = Debug|Any CPU
		{3974D8FC-DA1E-C906-71BB-A40A94DACD05}.Release|Any CPU.ActiveCfg = Release|Any CPU
		{3974D8FC-DA1E-C906-71BB-A40A94DACD05}.Release|Any CPU.Build.0 = Release|Any CPU
		{010B47E3-E462-00C3-2A32-D60B84ADAE2C}.Debug|Any CPU.ActiveCfg = Debug|Any CPU
		{010B47E3-E462-00C3-2A32-D60B84ADAE2C}.Debug|Any CPU.Build.0 = Debug|Any CPU
		{010B47E3-E462-00C3-2A32-D60B84ADAE2C}.Release|Any CPU.ActiveCfg = Release|Any CPU
		{010B47E3-E462-00C3-2A32-D60B84ADAE2C}.Release|Any CPU.Build.0 = Release|Any CPU
		{530B74F9-6B31-5B56-D49C-D290A1278A89}.Debug|Any CPU.ActiveCfg = Debug|Any CPU
		{530B74F9-6B31-5B56-D49C-D290A1278A89}.Debug|Any CPU.Build.0 = Debug|Any CPU
		{530B74F9-6B31-5B56-D49C-D290A1278A89}.Release|Any CPU.ActiveCfg = Release|Any CPU
		{530B74F9-6B31-5B56-D49C-D290A1278A89}.Release|Any CPU.Build.0 = Release|Any CPU
	EndGlobalSection
	GlobalSection(SolutionProperties) = preSolution
		HideSolutionNode = FALSE
	EndGlobalSection
EndGlobal
